
Microsoft Visual Studio Solution File, Format Version 12.00
# Visual Studio Version 16
VisualStudioVersion = 16.0.33328.57
MinimumVisualStudioVersion = 10.0.40219.1
Project("{8BC9CEB8-8B4A-11D0-8D11-00A0C91BC942}") = "CPP_Quinquis_Vincent", "CPP_Quinquis_Vincent.vcxproj", "{AC4F288A-81BB-4FE7-8A57-F5E4B8C9810C}"
EndProject
Global
	GlobalSection(SolutionConfigurationPlatforms) = preSolution
		Debug|x64 = Debug|x64
		Debug|x86 = Debug|x86
		Release|x64 = Release|x64
		Release|x86 = Release|x86
	EndGlobalSection
	GlobalSection(ProjectConfigurationPlatforms) = postSolution
		{AC4F288A-81BB-4FE7-8A57-F5E4B8C9810C}.Debug|x64.ActiveCfg = Debug|x64
		{AC4F288A-81BB-4FE7-8A57-F5E4B8C9810C}.Debug|x64.Build.0 = Debug|x64
		{AC4F288A-81BB-4FE7-8A57-F5E4B8C9810C}.Debug|x86.ActiveCfg = Debug|Win32
		{AC4F288A-81BB-4FE7-8A57-F5E4B8C9810C}.Debug|x86.Build.0 = Debug|Win32
		{AC4F288A-81BB-4FE7-8A57-F5E4B8C9810C}.Release|x64.ActiveCfg = Release|x64
		{AC4F288A-81BB-4FE7-8A57-F5E4B8C9810C}.Release|x64.Build.0 = Release|x64
		{AC4F288A-81BB-4FE7-8A57-F5E4B8C9810C}.Release|x86.ActiveCfg = Release|Win32
		{AC4F288A-81BB-4FE7-8A57-F5E4B8C9810C}.Release|x86.Build.0 = Release|Win32
	EndGlobalSection
	GlobalSection(SolutionProperties) = preSolution
		HideSolutionNode = FALSE
	EndGlobalSection
	GlobalSection(ExtensibilityGlobals) = postSolution
		SolutionGuid = {164C5681-48DC-4B50-942F-65939044B9DD}
	EndGlobalSection
EndGlobal
